
Microsoft Visual Studio Solution File, Format Version 12.00
# Visual Studio Version 16
VisualStudioVersion = 16.0.31729.503
MinimumVisualStudioVersion = 10.0.40219.1
Project("{FAE04EC0-301F-11D3-BF4B-00C04F79EFBC}") = "Iepure_Paul_lab2", "Iepure_Paul_lab2.csproj", "{45BCB85C-0092-4225-B630-9ECC43E72ABC}"
EndProject
Global
	GlobalSection(SolutionConfigurationPlatforms) = preSolution
		Debug|Any CPU = Debug|Any CPU
		Release|Any CPU = Release|Any CPU
	EndGlobalSection
	GlobalSection(ProjectConfigurationPlatforms) = postSolution
		{45BCB85C-0092-4225-B630-9ECC43E72ABC}.Debug|Any CPU.ActiveCfg = Debug|Any CPU
		{45BCB85C-0092-4225-B630-9ECC43E72ABC}.Debug|Any CPU.Build.0 = Debug|Any CPU
		{45BCB85C-0092-4225-B630-9ECC43E72ABC}.Release|Any CPU.ActiveCfg = Release|Any CPU
		{45BCB85C-0092-4225-B630-9ECC43E72ABC}.Release|Any CPU.Build.0 = Release|Any CPU
	EndGlobalSection
	GlobalSection(SolutionProperties) = preSolution
		HideSolutionNode = FALSE
	EndGlobalSection
	GlobalSection(ExtensibilityGlobals) = postSolution
		SolutionGuid = {DC730504-6E69-421E-B129-A8E3FE3DBB89}
	EndGlobalSection
EndGlobal
